
Microsoft Visual Studio Solution File, Format Version 12.00
# Visual Studio Version 16
VisualStudioVersion = 16.0.32428.217
MinimumVisualStudioVersion = 10.0.40219.1
Project("{FAE04EC0-301F-11D3-BF4B-00C04F79EFBC}") = "TCPServer", "TCPServer\TCPServer.csproj", "{A2A70E6D-45C2-4FFA-BE50-195295AD343E}"
EndProject
Global
	GlobalSection(SolutionConfigurationPlatforms) = preSolution
		Debug|Any CPU = Debug|Any CPU
		Release|Any CPU = Release|Any CPU
	EndGlobalSection
	GlobalSection(ProjectConfigurationPlatforms) = postSolution
		{A2A70E6D-45C2-4FFA-BE50-195295AD343E}.Debug|Any CPU.ActiveCfg = Debug|Any CPU
		{A2A70E6D-45C2-4FFA-BE50-195295AD343E}.Debug|Any CPU.Build.0 = Debug|Any CPU
		{A2A70E6D-45C2-4FFA-BE50-195295AD343E}.Release|Any CPU.ActiveCfg = Release|Any CPU
		{A2A70E6D-45C2-4FFA-BE50-195295AD343E}.Release|Any CPU.Build.0 = Release|Any CPU
	EndGlobalSection
	GlobalSection(SolutionProperties) = preSolution
		HideSolutionNode = FALSE
	EndGlobalSection
	GlobalSection(ExtensibilityGlobals) = postSolution
		SolutionGuid = {BBC361E8-0C1E-4608-AFFE-CB47D9A0B2D5}
	EndGlobalSection
EndGlobal
